{
  "name": "pirsch-go-proxy",
  "version": "1.0.0",
  "lockfileVersion": 2,
  "requires": true,
  "packages": {
    "": {
      "name": "pirsch-go-proxy",
      "version": "1.0.0",
      "license": "MIT",
      "devDependencies": {
        "uglify-js": "^3.17.3"
      }
    },
    "node_modules/uglify-js": {
      "version": "3.17.3",
      "resolved": "https://registry.npmjs.org/uglify-js/-/uglify-js-3.17.3.tgz",
      "integrity": "sha512-JmMFDME3iufZnBpyKL+uS78LRiC+mK55zWfM5f/pWBJfpOttXAqYfdDGRukYhJuyRinvPVAtUhvy7rlDybNtFg==",
      "dev": true,
      "bin": {
        "uglifyjs": "bin/uglifyjs"
      },
      "engines": {
        "node": ">=0.8.0"
      }
    }
  },
  "dependencies": {
    "uglify-js": {
      "version": "3.17.3",
      "resolved": "https://registry.npmjs.org/uglify-js/-/uglify-js-3.17.3.tgz",
      "integrity": "sha512-JmMFDME3iufZnBpyKL+uS78LRiC+mK55zWfM5f/pWBJfpOttXAqYfdDGRukYhJuyRinvPVAtUhvy7rlDybNtFg==",
      "dev": true
    }
  }
}
